
Microsoft Visual Studio Solution File, Format Version 12.00
# Visual Studio Version 16
VisualStudioVersion = 16.0.810.11
MinimumVisualStudioVersion = 10.0.40219.1
Project("{FAE04EC0-301F-11D3-BF4B-00C04F79EFBC}") = "AutomatedTests", "AutomatedTests\AutomatedTests.csproj", "{AFB0FEAA-EDD0-4B48-B9DB-E9C67FA76B5B}"
EndProject
Global
	GlobalSection(SolutionConfigurationPlatforms) = preSolution
		Debug|Any CPU = Debug|Any CPU
		Release|Any CPU = Release|Any CPU
	EndGlobalSection
	GlobalSection(ProjectConfigurationPlatforms) = postSolution
		{AFB0FEAA-EDD0-4B48-B9DB-E9C67FA76B5B}.Debug|Any CPU.ActiveCfg = Debug|Any CPU
		{AFB0FEAA-EDD0-4B48-B9DB-E9C67FA76B5B}.Debug|Any CPU.Build.0 = Debug|Any CPU
		{AFB0FEAA-EDD0-4B48-B9DB-E9C67FA76B5B}.Release|Any CPU.ActiveCfg = Release|Any CPU
		{AFB0FEAA-EDD0-4B48-B9DB-E9C67FA76B5B}.Release|Any CPU.Build.0 = Release|Any CPU
	EndGlobalSection
	GlobalSection(SolutionProperties) = preSolution
		HideSolutionNode = FALSE
	EndGlobalSection
	GlobalSection(ExtensibilityGlobals) = postSolution
		SolutionGuid = {DC3741AF-F52E-490D-A982-ABD01F0586C0}
	EndGlobalSection
EndGlobal
